hash: 4a54e8a576378319a8d6f325a0e647c8d6a4b452e922f7657c8cd3f3e84e7a73
updated: 2017-05-24T15:27:36.784501922+01:00
imports:
- name: github.com/cpuguy83/go-md2man
  version: a65d4d2de4d5f7c74868dfa9b202a3c8be315aaa
  subpackages:
  - md2man
- name: github.com/giantswarm/microkit
  version: 27e3ac11e763712e0d0dc5294aea8937e66458da
  subpackages:
  - error
- name: github.com/inconshreveable/mousetrap
  version: 76626ae9c91c4f2a10f34cad8ce83ea42c93bb75
- name: github.com/juju/errgo
  version: 08cceb5d0b5331634b9826762a8fd53b29b86ad8
- name: github.com/russross/blackfriday
  version: 5f33e7b7878355cd2b7e6b8eefc48a5472c69f70
- name: github.com/shurcooL/sanitized_anchor_name
  version: 1dba4b3954bc059efc3991ec364f9f9a35f597d2
- name: github.com/spf13/afero
  version: 72b31426848c6ef12a7a8e216708cb0d1530f074
  subpackages:
  - mem
- name: github.com/spf13/cobra
  version: 83773614293e6c9406454a53ce5e263500ce6e44
- name: github.com/spf13/pflag
  version: 2300d0f8576fe575f71aaa5b9bbe4e1b0dc2eb51
- name: golang.org/x/text
  version: 2910a502d2bf9e43193af9d68ca516529614eed3
  subpackages:
  - transform
  - unicode/norm
testImports: []
